// !$*UTF8*$!
{
	archiveVersion = 1;
	classes = {
	};
	objectVersion = 50;
	objects = {

/* Begin PBXBuildFile section */
		4FFC20652074F187001A6CFB /* AppDelegate.swift in Sources */ = {isa = PBXBuildFile; fileRef = 4FFC20642074F187001A6CFB /* AppDelegate.swift */; };
		4FFC20672074F187001A6CFB /* ViewController.swift in Sources */ = {isa = PBXBuildFile; fileRef = 4FFC20662074F187001A6CFB /* ViewController.swift */; };
		4FFC206A2074F187001A6CFB /* Main.storyboard in Resources */ = {isa = PBXBuildFile; fileRef = 4FFC20682074F187001A6CFB /* Main.storyboard */; };
		4FFC206D2074F187001A6CFB /* ToDoApp.xcdatamodeld in Sources */ = {isa = PBXBuildFile; fileRef = 4FFC206B2074F187001A6CFB /* ToDoApp.xcdatamodeld */; };
		4FFC206F2074F18E001A6CFB /* Assets.xcassets in Resources */ = {isa = PBXBuildFile; fileRef = 4FFC206E2074F18E001A6CFB /* Assets.xcassets */; };
		4FFC20722074F18E001A6CFB /* LaunchScreen.storyboard in Resources */ = {isa = PBXBuildFile; fileRef = 4FFC20702074F18E001A6CFB /* LaunchScreen.storyboard */; };
		4FFC207D2074F18F001A6CFB /* ToDoAppTests.swift in Sources */ = {isa = PBXBuildFile; fileRef = 4FFC207C2074F18F001A6CFB /* ToDoAppTests.swift */; };
		4FFC20882074F18F001A6CFB /* ToDoAppUITests.swift in Sources */ = {isa = PBXBuildFile; fileRef = 4FFC20872074F18F001A6CFB /* ToDoAppUITests.swift */; };
/* End PBXBuildFile section */

/* Begin PBXContainerItemProxy section */
		4FFC20792074F18F001A6CFB /* PBXContainerItemProxy */ = {
			isa = PBXContainerItemProxy;
			containerPortal = 4FFC20592074F186001A6CFB /* Project object */;
			proxyType = 1;
			remoteGlobalIDString = 4FFC20602074F187001A6CFB;
			remoteInfo = ToDoApp;
		};
		4FFC20842074F18F001A6CFB /* PBXContainerItemProxy */ = {
			isa = PBXContainerItemProxy;
			containerPortal = 4FFC20592074F186001A6CFB /* Project object */;
			proxyType = 1;
			remoteGlobalIDString = 4FFC20602074F187001A6CFB;
			remoteInfo = ToDoApp;
		};
/* End PBXContainerItemProxy section */

/* Begin PBXFileReference section */
		4FFC20612074F187001A6CFB /* ToDoApp.app */ = {isa = PBXFileReference; explicitFileType = wrapper.application; includeInIndex = 0; path = ToDoApp.app; sourceTree = BUILT_PRODUCTS_DIR; };
		4FFC20642074F187001A6CFB /* AppDelegate.swift */ = {isa = PBXFileReference; lastKnownFileType = sourcecode.swift; path = AppDelegate.swift; sourceTree = "<group>"; };
		4FFC20662074F187001A6CFB /* ViewController.swift */ = {isa = PBXFileReference; lastKnownFileType = sourcecode.swift; path = ViewController.swift; sourceTree = "<group>"; };
		4FFC20692074F187001A6CFB /* Base */ = {isa = PBXFileReference; lastKnownFileType = file.storyboard; name = Base; path = Base.lproj/Main.storyboard; sourceTree = "<group>"; };
		4FFC206C2074F187001A6CFB /* ToDoApp.xcdatamodel */ = {isa = PBXFileReference; lastKnownFileType = wrapper.xcdatamodel; path = ToDoApp.xcdatamodel; sourceTree = "<group>"; };
		4FFC206E2074F18E001A6CFB /* Assets.xcassets */ = {isa = PBXFileReference; lastKnownFileType = folder.assetcatalog; path = Assets.xcassets; sourceTree = "<group>"; };
		4FFC20712074F18E001A6CFB /* Base */ = {isa = PBXFileReference; lastKnownFileType = file.storyboard; name = Base; path = Base.lproj/LaunchScreen.storyboard; sourceTree = "<group>"; };
		4FFC20732074F18E001A6CFB /* Info.plist */ = {isa = PBXFileReference; lastKnownFileType = text.plist.xml; path = Info.plist; sourceTree = "<group>"; };
		4FFC20782074F18F001A6CFB /* ToDoAppTests.xctest */ = {isa = PBXFileReference; explicitFileType = wrapper.cfbundle; includeInIndex = 0; path = ToDoAppTests.xctest; sourceTree = BUILT_PRODUCTS_DIR; };
		4FFC207C2074F18F001A6CFB /* ToDoAppTests.swift */ = {isa = PBXFileReference; lastKnownFileType = sourcecode.swift; path = ToDoAppTests.swift; sourceTree = "<group>"; };
		4FFC207E2074F18F001A6CFB /* Info.plist */ = {isa = PBXFileReference; lastKnownFileType = text.plist.xml; path = Info.plist; sourceTree = "<group>"; };
		4FFC20832074F18F001A6CFB /* ToDoAppUITests.xctest */ = {isa = PBXFileReference; explicitFileType = wrapper.cfbundle; includeInIndex = 0; path = ToDoAppUITests.xctest; sourceTree = BUILT_PRODUCTS_DIR; };
		4FFC20872074F18F001A6CFB /* ToDoAppUITests.swift */ = {isa = PBXFileReference; lastKnownFileType = sourcecode.swift; path = ToDoAppUITests.swift; sourceTree = "<group>"; };
		4FFC20892074F18F001A6CFB /* Info.plist */ = {isa = PBXFileReference; lastKnownFileType = text.plist.xml; path = Info.plist; sourceTree = "<group>"; };
/* End PBXFileReference section */

/* Begin PBXFrameworksBuildPhase section */
		4FFC205E2074F187001A6CFB /* Frameworks */ = {
			isa = PBXFrameworksBuildPhase;
			buildActionMask = 2147483647;
			files = (
			);
			runOnlyForDeploymentPostprocessing = 0;
		};
		4FFC20752074F18F001A6CFB /* Frameworks */ = {
			isa = PBXFrameworksBuildPhase;
			buildActionMask = 2147483647;
			files = (
			);
			runOnlyForDeploymentPostprocessing = 0;
		};
		4FFC20802074F18F001A6CFB /* Frameworks */ = {
			isa = PBXFrameworksBuildPhase;
			buildActionMask = 2147483647;
			files = (
			);
			runOnlyForDeploymentPostprocessing = 0;
		};
/* End PBXFrameworksBuildPhase section */

/* Begin PBXGroup section */
		4FFC20582074F186001A6CFB = {
			isa = PBXGroup;
			children = (
				4FFC20632074F187001A6CFB /* ToDoApp */,
				4FFC207B2074F18F001A6CFB /* ToDoAppTests */,
				4FFC20862074F18F001A6CFB /* ToDoAppUITests */,
				4FFC20622074F187001A6CFB /* Products */,
			);
			sourceTree = "<group>";
		};
		4FFC20622074F187001A6CFB /* Products */ = {
			isa = PBXGroup;
			children = (
				4FFC20612074F187001A6CFB /* ToDoApp.app */,
				4FFC20782074F18F001A6CFB /* ToDoAppTests.xctest */,
				4FFC20832074F18F001A6CFB /* ToDoAppUITests.xctest */,
			);
			name = Products;
			sourceTree = "<group>";
		};
		4FFC20632074F187001A6CFB /* ToDoApp */ = {
			isa = PBXGroup;
			children = (
				4FFC20642074F187001A6CFB /* AppDelegate.swift */,
				4FFC20662074F187001A6CFB /* ViewController.swift */,
				4FFC20682074F187001A6CFB /* Main.storyboard */,
				4FFC206E2074F18E001A6CFB /* Assets.xcassets */,
				4FFC20702074F18E001A6CFB /* LaunchScreen.storyboard */,
				4FFC20732074F18E001A6CFB /* Info.plist */,
				4FFC206B2074F187001A6CFB /* ToDoApp.xcdatamodeld */,
			);
			path = ToDoApp;
			sourceTree = "<group>";
		};
		4FFC207B2074F18F001A6CFB /* ToDoAppTests */ = {
			isa = PBXGroup;
			children = (
				4FFC207C2074F18F001A6CFB /* ToDoAppTests.swift */,
				4FFC207E2074F18F001A6CFB /* Info.plist */,
			);
			path = ToDoAppTests;
			sourceTree = "<group>";
		};
		4FFC20862074F18F001A6CFB /* ToDoAppUITests */ = {
			isa = PBXGroup;
			children = (
				4FFC20872074F18F001A6CFB /* ToDoAppUITests.swift */,
				4FFC20892074F18F001A6CFB /* Info.plist */,
			);
			path = ToDoAppUITests;
			sourceTree = "<group>";
		};
/* End PBXGroup section */

/* Begin PBXNativeTarget section */
		4FFC20602074F187001A6CFB /* ToDoApp */ = {
			isa = PBXNativeTarget;
			buildConfigurationList = 4FFC208C2074F18F001A6CFB /* Build configuration list for PBXNativeTarget "ToDoApp" */;
			buildPhases = (
				4FFC205D2074F187001A6CFB /* Sources */,
				4FFC205E2074F187001A6CFB /* Frameworks */,
				4FFC205F2074F187001A6CFB /* Resources */,
			);
			buildRules = (
			);
			dependencies = (
			);
			name = ToDoApp;
			productName = ToDoApp;
			productReference = 4FFC20612074F187001A6CFB /* ToDoApp.app */;
			productType = "com.apple.product-type.application";
		};
		4FFC20772074F18F001A6CFB /* ToDoAppTests */ = {
			isa = PBXNativeTarget;
			buildConfigurationList = 4FFC208F2074F18F001A6CFB /* Build configuration list for PBXNativeTarget "ToDoAppTests" */;
			buildPhases = (
				4FFC20742074F18F001A6CFB /* Sources */,
				4FFC20752074F18F001A6CFB /* Frameworks */,
				4FFC20762074F18F001A6CFB /* Resources */,
			);
			buildRules = (
			);
			dependencies = (
				4FFC207A2074F18F001A6CFB /* PBXTargetDependency */,
			);
			name = ToDoAppTests;
			productName = ToDoAppTests;
			productReference = 4FFC20782074F18F001A6CFB /* ToDoAppTests.xctest */;
			productType = "com.apple.product-type.bundle.unit-test";
		};
		4FFC20822074F18F001A6CFB /* ToDoAppUITests */ = {
			isa = PBXNativeTarget;
			buildConfigurationList = 4FFC20922074F18F001A6CFB /* Build configuration list for PBXNativeTarget "ToDoAppUITests" */;
			buildPhases = (
				4FFC207F2074F18F001A6CFB /* Sources */,
				4FFC20802074F18F001A6CFB /* Frameworks */,
				4FFC20812074F18F001A6CFB /* Resources */,
			);
			buildRules = (
			);
			dependencies = (
				4FFC20852074F18F001A6CFB /* PBXTargetDependency */,
			);
			name = ToDoAppUITests;
			productName = ToDoAppUITests;
			productReference = 4FFC20832074F18F001A6CFB /* ToDoAppUITests.xctest */;
			productType = "com.apple.product-type.bundle.ui-testing";
		};
/* End PBXNativeTarget section */

/* Begin PBXProject section */
		4FFC20592074F186001A6CFB /* Project object */ = {
			isa = PBXProject;
			attributes = {
				LastSwiftUpdateCheck = 0930;
				LastUpgradeCheck = 0930;
				ORGANIZATIONNAME = "HS Bremen";
				TargetAttributes = {
					4FFC20602074F187001A6CFB = {
						CreatedOnToolsVersion = 9.3;
					};
					4FFC20772074F18F001A6CFB = {
						CreatedOnToolsVersion = 9.3;
						TestTargetID = 4FFC20602074F187001A6CFB;
					};
					4FFC20822074F18F001A6CFB = {
						CreatedOnToolsVersion = 9.3;
						TestTargetID = 4FFC20602074F187001A6CFB;
					};
				};
			};
			buildConfigurationList = 4FFC205C2074F186001A6CFB /* Build configuration list for PBXProject "ToDoApp" */;
			compatibilityVersion = "Xcode 9.3";
			developmentRegion = en;
			hasScannedForEncodings = 0;
			knownRegions = (
				en,
				Base,
			);
			mainGroup = 4FFC20582074F186001A6CFB;
			productRefGroup = 4FFC20622074F187001A6CFB /* Products */;
			projectDirPath = "";
			projectRoot = "";
			targets = (
				4FFC20602074F187001A6CFB /* ToDoApp */,
				4FFC20772074F18F001A6CFB /* ToDoAppTests */,
				4FFC20822074F18F001A6CFB /* ToDoAppUITests */,
			);
		};
/* End PBXProject section */

/* Begin PBXResourcesBuildPhase section */
		4FFC205F2074F187001A6CFB /* Resources */ = {
			isa = PBXResourcesBuildPhase;
			buildActionMask = 2147483647;
			files = (
				4FFC20722074F18E001A6CFB /* LaunchScreen.storyboard in Resources */,
				4FFC206F2074F18E001A6CFB /* Assets.xcassets in Resources */,
				4FFC206A2074F187001A6CFB /* Main.storyboard in Resources */,
			);
			runOnlyForDeploymentPostprocessing = 0;
		};
		4FFC20762074F18F001A6CFB /* Resources */ = {
			isa = PBXResourcesBuildPhase;
			buildActionMask = 2147483647;
			files = (
			);
			runOnlyForDeploymentPostprocessing = 0;
		};
		4FFC20812074F18F001A6CFB /* Resources */ = {
			isa = PBXResourcesBuildPhase;
			buildActionMask = 2147483647;
			files = (
			);
			runOnlyForDeploymentPostprocessing = 0;
		};
/* End PBXResourcesBuildPhase section */

/* Begin PBXSourcesBuildPhase section */
		4FFC205D2074F187001A6CFB /* Sources */ = {
			isa = PBXSourcesBuildPhase;
			buildActionMask = 2147483647;
			files = (
				4FFC20672074F187001A6CFB /* ViewController.swift in Sources */,
				4FFC206D2074F187001A6CFB /* ToDoApp.xcdatamodeld in Sources */,
				4FFC20652074F187001A6CFB /* AppDelegate.swift in Sources */,
			);
			runOnlyForDeploymentPostprocessing = 0;
		};
		4FFC20742074F18F001A6CFB /* Sources */ = {
			isa = PBXSourcesBuildPhase;
			buildActionMask = 2147483647;
			files = (
				4FFC207D2074F18F001A6CFB /* ToDoAppTests.swift in Sources */,
			);
			runOnlyForDeploymentPostprocessing = 0;
		};
		4FFC207F2074F18F001A6CFB /* Sources */ = {
			isa = PBXSourcesBuildPhase;
			buildActionMask = 2147483647;
			files = (
				4FFC20882074F18F001A6CFB /* ToDoAppUITests.swift in Sources */,
			);
			runOnlyForDeploymentPostprocessing = 0;
		};
/* End PBXSourcesBuildPhase section */

/* Begin PBXTargetDependency section */
		4FFC207A2074F18F001A6CFB /* PBXTargetDependency */ = {
			isa = PBXTargetDependency;
			target = 4FFC20602074F187001A6CFB /* ToDoApp */;
			targetProxy = 4FFC20792074F18F001A6CFB /* PBXContainerItemProxy */;
		};
		4FFC20852074F18F001A6CFB /* PBXTargetDependency */ = {
			isa = PBXTargetDependency;
			target = 4FFC20602074F187001A6CFB /* ToDoApp */;
			targetProxy = 4FFC20842074F18F001A6CFB /* PBXContainerItemProxy */;
		};
/* End PBXTargetDependency section */

/* Begin PBXVariantGroup section */
		4FFC20682074F187001A6CFB /* Main.storyboard */ = {
			isa = PBXVariantGroup;
			children = (
				4FFC20692074F187001A6CFB /* Base */,
			);
			name = Main.storyboard;
			sourceTree = "<group>";
		};
		4FFC20702074F18E001A6CFB /* LaunchScreen.storyboard */ = {
			isa = PBXVariantGroup;
			children = (
				4FFC20712074F18E001A6CFB /* Base */,
			);
			name = LaunchScreen.storyboard;
			sourceTree = "<group>";
		};
/* End PBXVariantGroup section */

/* Begin XCBuildConfiguration section */
		4FFC208A2074F18F001A6CFB /* Debug */ = {
			isa = XCBuildConfiguration;
			buildSettings = {
				ALWAYS_SEARCH_USER_PATHS = NO;
				CLANG_ANALYZER_NONNULL = YES;
				CLANG_ANALYZER_NUMBER_OBJECT_CONVERSION = YES_AGGRESSIVE;
				CLANG_CXX_LANGUAGE_STANDARD = "gnu++14";
				CLANG_CXX_LIBRARY = "libc++";
				CLANG_ENABLE_MODULES = YES;
				CLANG_ENABLE_OBJC_ARC = YES;
				CLANG_ENABLE_OBJC_WEAK = YES;
				CLANG_WARN_BLOCK_CAPTURE_AUTORELEASING = YES;
				CLANG_WARN_BOOL_CONVERSION = YES;
				CLANG_WARN_COMMA = YES;
				CLANG_WARN_CONSTANT_CONVERSION = YES;
				CLANG_WARN_DEPRECATED_OBJC_IMPLEMENTATIONS = YES;
				CLANG_WARN_DIRECT_OBJC_ISA_USAGE = YES_ERROR;
				CLANG_WARN_DOCUMENTATION_COMMENTS = YES;
				CLANG_WARN_EMPTY_BODY = YES;
				CLANG_WARN_ENUM_CONVERSION = YES;
				CLANG_WARN_INFINITE_RECURSION = YES;
				CLANG_WARN_INT_CONVERSION = YES;
				CLANG_WARN_NON_LITERAL_NULL_CONVERSION = YES;
				CLANG_WARN_OBJC_IMPLICIT_RETAIN_SELF = YES;
				CLANG_WARN_OBJC_LITERAL_CONVERSION = YES;
				CLANG_WARN_OBJC_ROOT_CLASS = YES_ERROR;
				CLANG_WARN_RANGE_LOOP_ANALYSIS = YES;
				CLANG_WARN_STRICT_PROTOTYPES = YES;
				CLANG_WARN_SUSPICIOUS_MOVE = YES;
				CLANG_WARN_UNGUARDED_AVAILABILITY = YES_AGGRESSIVE;
				CLANG_WARN_UNREACHABLE_CODE = YES;
				CLANG_WARN__DUPLICATE_METHOD_MATCH = YES;
				CODE_SIGN_IDENTITY = "iPhone Developer";
				COPY_PHASE_STRIP = NO;
				DEBUG_INFORMATION_FORMAT = dwarf;
				ENABLE_STRICT_OBJC_MSGSEND = YES;
				ENABLE_TESTABILITY = YES;
				GCC_C_LANGUAGE_STANDARD = gnu11;
				GCC_DYNAMIC_NO_PIC = NO;
				GCC_NO_COMMON_BLOCKS = YES;
				GCC_OPTIMIZATION_LEVEL = 0;
				GCC_PREPROCESSOR_DEFINITIONS = (
					"DEBUG=1",
					"$(inherited)",
				);
				GCC_WARN_64_TO_32_BIT_CONVERSION = YES;
				GCC_WARN_ABOUT_RETURN_TYPE = YES_ERROR;
				GCC_WARN_UNDECLARED_SELECTOR = YES;
				GCC_WARN_UNINITIALIZED_AUTOS = YES_AGGRESSIVE;
				GCC_WARN_UNUSED_FUNCTION = YES;
				GCC_WARN_UNUSED_VARIABLE = YES;
				IPHONEOS_DEPLOYMENT_TARGET = 11.3;
				MTL_ENABLE_DEBUG_INFO = YES;
				ONLY_ACTIVE_ARCH = YES;
				SDKROOT = iphoneos;
				SWIFT_ACTIVE_COMPILATION_CONDITIONS = DEBUG;
				SWIFT_OPTIMIZATION_LEVEL = "-Onone";
			};
			name = Debug;
		};
		4FFC208B2074F18F001A6CFB /* Release */ = {
			isa = XCBuildConfiguration;
			buildSettings = {
				ALWAYS_SEARCH_USER_PATHS = NO;
				CLANG_ANALYZER_NONNULL = YES;
				CLANG_ANALYZER_NUMBER_OBJECT_CONVERSION = YES_AGGRESSIVE;
				CLANG_CXX_LANGUAGE_STANDARD = "gnu++14";
				CLANG_CXX_LIBRARY = "libc++";
				CLANG_ENABLE_MODULES = YES;
				CLANG_ENABLE_OBJC_ARC = YES;
				CLANG_ENABLE_OBJC_WEAK = YES;
				CLANG_WARN_BLOCK_CAPTURE_AUTORELEASING = YES;
				CLANG_WARN_BOOL_CONVERSION = YES;
				CLANG_WARN_COMMA = YES;
				CLANG_WARN_CONSTANT_CONVERSION = YES;
				CLANG_WARN_DEPRECATED_OBJC_IMPLEMENTATIONS = YES;
				CLANG_WARN_DIRECT_OBJC_ISA_USAGE = YES_ERROR;
				CLANG_WARN_DOCUMENTATION_COMMENTS = YES;
				CLANG_WARN_EMPTY_BODY = YES;
				CLANG_WARN_ENUM_CONVERSION = YES;
				CLANG_WARN_INFINITE_RECURSION = YES;
				CLANG_WARN_INT_CONVERSION = YES;
				CLANG_WARN_NON_LITERAL_NULL_CONVERSION = YES;
				CLANG_WARN_OBJC_IMPLICIT_RETAIN_SELF = YES;
				CLANG_WARN_OBJC_LITERAL_CONVERSION = YES;
				CLANG_WARN_OBJC_ROOT_CLASS = YES_ERROR;
				CLANG_WARN_RANGE_LOOP_ANALYSIS = YES;
				CLANG_WARN_STRICT_PROTOTYPES = YES;
				CLANG_WARN_SUSPICIOUS_MOVE = YES;
				CLANG_WARN_UNGUARDED_AVAILABILITY = YES_AGGRESSIVE;
				CLANG_WARN_UNREACHABLE_CODE = YES;
				CLANG_WARN__DUPLICATE_METHOD_MATCH = YES;
				CODE_SIGN_IDENTITY = "iPhone Developer";
				COPY_PHASE_STRIP = NO;
				DEBUG_INFORMATION_FORMAT = "dwarf-with-dsym";
				ENABLE_NS_ASSERTIONS = NO;
				ENABLE_STRICT_OBJC_MSGSEND = YES;
				GCC_C_LANGUAGE_STANDARD = gnu11;
				GCC_NO_COMMON_BLOCKS = YES;
				GCC_WARN_64_TO_32_BIT_CONVERSION = YES;
				GCC_WARN_ABOUT_RETURN_TYPE = YES_ERROR;
				GCC_WARN_UNDECLARED_SELECTOR = YES;
				GCC_WARN_UNINITIALIZED_AUTOS = YES_AGGRESSIVE;
				GCC_WARN_UNUSED_FUNCTION = YES;
				GCC_WARN_UNUSED_VARIABLE = YES;
				IPHONEOS_DEPLOYMENT_TARGET = 11.3;
				MTL_ENABLE_DEBUG_INFO = NO;
				SDKROOT = iphoneos;
				SWIFT_COMPILATION_MODE = wholemodule;
				SWIFT_OPTIMIZATION_LEVEL = "-O";
				VALIDATE_PRODUCT = YES;
			};
			name = Release;
		};
		4FFC208D2074F18F001A6CFB /* Debug */ = {
			isa = XCBuildConfiguration;
			buildSettings = {
				ASSETCATALOG_COMPILER_APPICON_NAME = AppIcon;
				CODE_SIGN_STYLE = Automatic;
				DEVELOPMENT_TEAM = K6JV8J6553;
				INFOPLIST_FILE = ToDoApp/Info.plist;
				LD_RUNPATH_SEARCH_PATHS = (
					"$(inherited)",
					"@executable_path/Frameworks",
				);
				PRODUCT_BUNDLE_IDENTIFIER = hsbremen.ToDoApp;
				PRODUCT_NAME = "$(TARGET_NAME)";
				SWIFT_VERSION = 4.0;
				TARGETED_DEVICE_FAMILY = "1,2";
			};
			name = Debug;
		};
		4FFC208E2074F18F001A6CFB /* Release */ = {
			isa = XCBuildConfiguration;
			buildSettings = {
				ASSETCATALOG_COMPILER_APPICON_NAME = AppIcon;
				CODE_SIGN_STYLE = Automatic;
				DEVELOPMENT_TEAM = K6JV8J6553;
				INFOPLIST_FILE = ToDoApp/Info.plist;
				LD_RUNPATH_SEARCH_PATHS = (
					"$(inherited)",
					"@executable_path/Frameworks",
				);
				PRODUCT_BUNDLE_IDENTIFIER = hsbremen.ToDoApp;
				PRODUCT_NAME = "$(TARGET_NAME)";
				SWIFT_VERSION = 4.0;
				TARGETED_DEVICE_FAMILY = "1,2";
			};
			name = Release;
		};
		4FFC20902074F18F001A6CFB /* Debug */ = {
			isa = XCBuildConfiguration;
			buildSettings = {
				ALWAYS_EMBED_SWIFT_STANDARD_LIBRARIES = YES;
				BUNDLE_LOADER = "$(TEST_HOST)";
				CODE_SIGN_STYLE = Automatic;
				DEVELOPMENT_TEAM = K6JV8J6553;
				INFOPLIST_FILE = ToDoAppTests/Info.plist;
				LD_RUNPATH_SEARCH_PATHS = (
					"$(inherited)",
					"@executable_path/Frameworks",
					"@loader_path/Frameworks",
				);
				PRODUCT_BUNDLE_IDENTIFIER = hsbremen.ToDoAppTests;
				PRODUCT_NAME = "$(TARGET_NAME)";
				SWIFT_VERSION = 4.0;
				TARGETED_DEVICE_FAMILY = "1,2";
				TEST_HOST = "$(BUILT_PRODUCTS_DIR)/ToDoApp.app/ToDoApp";
			};
			name = Debug;
		};
		4FFC20912074F18F001A6CFB /* Release */ = {
			isa = XCBuildConfiguration;
			buildSettings = {
				ALWAYS_EMBED_SWIFT_STANDARD_LIBRARIES = YES;
				BUNDLE_LOADER = "$(TEST_HOST)";
				CODE_SIGN_STYLE = Automatic;
				DEVELOPMENT_TEAM = K6JV8J6553;
				INFOPLIST_FILE = ToDoAppTests/Info.plist;
				LD_RUNPATH_SEARCH_PATHS = (
					"$(inherited)",
					"@executable_path/Frameworks",
					"@loader_path/Frameworks",
				);
				PRODUCT_BUNDLE_IDENTIFIER = hsbremen.ToDoAppTests;
				PRODUCT_NAME = "$(TARGET_NAME)";
				SWIFT_VERSION = 4.0;
				TARGETED_DEVICE_FAMILY = "1,2";
				TEST_HOST = "$(BUILT_PRODUCTS_DIR)/ToDoApp.app/ToDoApp";
			};
			name = Release;
		};
		4FFC20932074F18F001A6CFB /* Debug */ = {
			isa = XCBuildConfiguration;
			buildSettings = {
				ALWAYS_EMBED_SWIFT_STANDARD_LIBRARIES = YES;
				CODE_SIGN_STYLE = Automatic;
				DEVELOPMENT_TEAM = K6JV8J6553;
				INFOPLIST_FILE = ToDoAppUITests/Info.plist;
				LD_RUNPATH_SEARCH_PATHS = (
					"$(inherited)",
					"@executable_path/Frameworks",
					"@loader_path/Frameworks",
				);
				PRODUCT_BUNDLE_IDENTIFIER = hsbremen.ToDoAppUITests;
				PRODUCT_NAME = "$(TARGET_NAME)";
				SWIFT_VERSION = 4.0;
				TARGETED_DEVICE_FAMILY = "1,2";
				TEST_TARGET_NAME = ToDoApp;
			};
			name = Debug;
		};
		4FFC20942074F18F001A6CFB /* Release */ = {
			isa = XCBuildConfiguration;
			buildSettings = {
				ALWAYS_EMBED_SWIFT_STANDARD_LIBRARIES = YES;
				CODE_SIGN_STYLE = Automatic;
				DEVELOPMENT_TEAM = K6JV8J6553;
				INFOPLIST_FILE = ToDoAppUITests/Info.plist;
				LD_RUNPATH_SEARCH_PATHS = (
					"$(inherited)",
					"@executable_path/Frameworks",
					"@loader_path/Frameworks",
				);
				PRODUCT_BUNDLE_IDENTIFIER = hsbremen.ToDoAppUITests;
				PRODUCT_NAME = "$(TARGET_NAME)";
				SWIFT_VERSION = 4.0;
				TARGETED_DEVICE_FAMILY = "1,2";
				TEST_TARGET_NAME = ToDoApp;
			};
			name = Release;
		};
/* End XCBuildConfiguration section */

/* Begin XCConfigurationList section */
		4FFC205C2074F186001A6CFB /* Build configuration list for PBXProject "ToDoApp" */ = {
			isa = XCConfigurationList;
			buildConfigurations = (
				4FFC208A2074F18F001A6CFB /* Debug */,
				4FFC208B2074F18F001A6CFB /* Release */,
			);
			defaultConfigurationIsVisible = 0;
			defaultConfigurationName = Release;
		};
		4FFC208C2074F18F001A6CFB /* Build configuration list for PBXNativeTarget "ToDoApp" */ = {
			isa = XCConfigurationList;
			buildConfigurations = (
				4FFC208D2074F18F001A6CFB /* Debug */,
				4FFC208E2074F18F001A6CFB /* Release */,
			);
			defaultConfigurationIsVisible = 0;
			defaultConfigurationName = Release;
		};
		4FFC208F2074F18F001A6CFB /* Build configuration list for PBXNativeTarget "ToDoAppTests" */ = {
			isa = XCConfigurationList;
			buildConfigurations = (
				4FFC20902074F18F001A6CFB /* Debug */,
				4FFC20912074F18F001A6CFB /* Release */,
			);
			defaultConfigurationIsVisible = 0;
			defaultConfigurationName = Release;
		};
		4FFC20922074F18F001A6CFB /* Build configuration list for PBXNativeTarget "ToDoAppUITests" */ = {
			isa = XCConfigurationList;
			buildConfigurations = (
				4FFC20932074F18F001A6CFB /* Debug */,
				4FFC20942074F18F001A6CFB /* Release */,
			);
			defaultConfigurationIsVisible = 0;
			defaultConfigurationName = Release;
		};
/* End XCConfigurationList section */

/* Begin XCVersionGroup section */
		4FFC206B2074F187001A6CFB /* ToDoApp.xcdatamodeld */ = {
			isa = XCVersionGroup;
			children = (
				4FFC206C2074F187001A6CFB /* ToDoApp.xcdatamodel */,
			);
			currentVersion = 4FFC206C2074F187001A6CFB /* ToDoApp.xcdatamodel */;
			path = ToDoApp.xcdatamodeld;
			sourceTree = "<group>";
			versionGroupType = wrapper.xcdatamodel;
		};
/* End XCVersionGroup section */
	};
	rootObject = 4FFC20592074F186001A6CFB /* Project object */;
}
